
Microsoft Visual Studio Solution File, Format Version 12.00
# Visual Studio Version 17
VisualStudioVersion = 17.2.32630.192
MinimumVisualStudioVersion = 10.0.40219.1
Project("{9A19103F-16F7-4668-BE54-9A1E7A4F7556}") = "SchoolTask", "SchoolTask\SchoolTask.csproj", "{EAAA420E-BFAD-48D7-8023-3E0B77265D57}"
EndProject
Project("{9A19103F-16F7-4668-BE54-9A1E7A4F7556}") = "SchoolTaskModels", "SchoolTaskModels\SchoolTaskModels.csproj", "{1D3EC899-DD39-4E8A-9916-7540126E4FD6}"
EndProject
Global
	GlobalSection(SolutionConfigurationPlatforms) = preSolution
		Debug|Any CPU = Debug|Any CPU
		Release|Any CPU = Release|Any CPU
	EndGlobalSection
	GlobalSection(ProjectConfigurationPlatforms) = postSolution
		{EAAA420E-BFAD-48D7-8023-3E0B77265D57}.Debug|Any CPU.ActiveCfg = Debug|Any CPU
		{EAAA420E-BFAD-48D7-8023-3E0B77265D57}.Debug|Any CPU.Build.0 = Debug|Any CPU
		{EAAA420E-BFAD-48D7-8023-3E0B77265D57}.Release|Any CPU.ActiveCfg = Release|Any CPU
		{EAAA420E-BFAD-48D7-8023-3E0B77265D57}.Release|Any CPU.Build.0 = Release|Any CPU
		{1D3EC899-DD39-4E8A-9916-7540126E4FD6}.Debug|Any CPU.ActiveCfg = Debug|Any CPU
		{1D3EC899-DD39-4E8A-9916-7540126E4FD6}.Debug|Any CPU.Build.0 = Debug|Any CPU
		{1D3EC899-DD39-4E8A-9916-7540126E4FD6}.Release|Any CPU.ActiveCfg = Release|Any CPU
		{1D3EC899-DD39-4E8A-9916-7540126E4FD6}.Release|Any CPU.Build.0 = Release|Any CPU
	EndGlobalSection
	GlobalSection(SolutionProperties) = preSolution
		HideSolutionNode = FALSE
	EndGlobalSection
	GlobalSection(ExtensibilityGlobals) = postSolution
		SolutionGuid = {232292EC-E676-4365-A889-B3E965318E86}
	EndGlobalSection
EndGlobal
